{
  "lockfileVersion": 1,
  "workspaces": {
    "": {
      "name": "baml-entity-enrichment",
      "dependencies": {
        "@boundaryml/baml": "^0.90.2",
      },
      "devDependencies": {
        "@types/bun": "latest",
      },
      "peerDependencies": {
        "typescript": "^5",
      },
    },
  },
  "packages": {
    "@boundaryml/baml": ["@boundaryml/baml@0.90.2", "", { "dependencies": { "@scarf/scarf": "^1.3.0" }, "optionalDependencies": { "@boundaryml/baml-darwin-arm64": "0.90.2", "@boundaryml/baml-darwin-x64": "0.90.2", "@boundaryml/baml-linux-arm64-gnu": "0.90.2", "@boundaryml/baml-linux-arm64-musl": "0.90.2", "@boundaryml/baml-linux-x64-gnu": "0.90.2", "@boundaryml/baml-linux-x64-musl": "0.90.2", "@boundaryml/baml-win32-x64-msvc": "0.90.2" }, "bin": { "baml-cli": "cli.js" } }, "sha512-l15bRRCn7ysdlU0WRRr3csN9ROVaRiRK8KAEm+9k439LBMnB0o/bMy8jYlKS5jIuH6uvwZ8mQnMCe/2o2tSgyg=="],

    "@boundaryml/baml-darwin-arm64": ["@boundaryml/baml-darwin-arm64@0.90.2", "", { "os": "darwin", "cpu": "arm64" }, "sha512-jQR9Cx5N8CIgRTI7Muaofpj85+KqtAfUEWWVUvbbT6s4BHydDiaOXhEZb8+wm6mqITpB9PuLlRCmY+W5WuAtxw=="],

    "@boundaryml/baml-darwin-x64": ["@boundaryml/baml-darwin-x64@0.90.2", "", { "os": "darwin", "cpu": "x64" }, "sha512-jAWa2SBvDDkJIsCgv7AWstYZJY3vBnFafpP//I5xBN50w1cfHEm9ssY7VD3sAeqOBUjQqq5cg/adDPyaqHAC5Q=="],

    "@boundaryml/baml-linux-arm64-gnu": ["@boundaryml/baml-linux-arm64-gnu@0.90.2", "", { "os": "linux", "cpu": "arm64" }, "sha512-lz4WyRzzLfaaCo8sJtTm8A5BWgk3lkPztcXShXFC11vpOFaqYZsYPhRJ95jjpD3DmfBr3wn1LxEj+CHvZw62bQ=="],

    "@boundaryml/baml-linux-arm64-musl": ["@boundaryml/baml-linux-arm64-musl@0.90.2", "", { "os": "linux", "cpu": "arm64" }, "sha512-kBKePP20bA5scV7n6j00BKs7q2Xv4/gmp75vXMxagEg8okKdRDb+8MwLy7ArqTyzN8kCePUy2kHUAWCGl5TJBQ=="],

    "@boundaryml/baml-linux-x64-gnu": ["@boundaryml/baml-linux-x64-gnu@0.90.2", "", { "os": "linux", "cpu": "x64" }, "sha512-9pqBACie0Kxbx4Bx7CPFeao5v1g2BQGsvcc/vyu5Wd8JQi7CJfpUuzA5E8+YSEdLn7cRV76p4QzHdorq5/kNNw=="],

    "@boundaryml/baml-linux-x64-musl": ["@boundaryml/baml-linux-x64-musl@0.90.2", "", { "os": "linux", "cpu": "x64" }, "sha512-LF75E6ubHCVBQh/V3ikGsWBnC6+TNn1GL3yjsaKRwii/7zzbXeIwofQtTuBC8QMRXhsG/w4b3MRqQHZDsQg+KQ=="],

    "@boundaryml/baml-win32-x64-msvc": ["@boundaryml/baml-win32-x64-msvc@0.90.2", "", { "os": "win32", "cpu": "x64" }, "sha512-GnCya0as25MRi9uW5DRar+sIkmUPJ9r0rlP/fTvOFGQ2+/0cplYPmMA/XvzGxLdbD8dnfAGStsNYfxHHicMKVw=="],

    "@scarf/scarf": ["@scarf/scarf@1.4.0", "", {}, "sha512-xxeapPiUXdZAE3che6f3xogoJPeZgig6omHEy1rIY5WVsB3H2BHNnZH+gHG6x91SCWyQCzWGsuL2Hh3ClO5/qQ=="],

    "@types/bun": ["@types/bun@1.2.17", "", { "dependencies": { "bun-types": "1.2.17" } }, "sha512-l/BYs/JYt+cXA/0+wUhulYJB6a6p//GTPiJ7nV+QHa8iiId4HZmnu/3J/SowP5g0rTiERY2kfGKXEK5Ehltx4Q=="],

    "@types/node": ["@types/node@24.0.3", "", { "dependencies": { "undici-types": "~7.8.0" } }, "sha512-R4I/kzCYAdRLzfiCabn9hxWfbuHS573x+r0dJMkkzThEa7pbrcDWK+9zu3e7aBOouf+rQAciqPFMnxwr0aWgKg=="],

    "bun-types": ["bun-types@1.2.17", "", { "dependencies": { "@types/node": "*" } }, "sha512-ElC7ItwT3SCQwYZDYoAH+q6KT4Fxjl8DtZ6qDulUFBmXA8YB4xo+l54J9ZJN+k2pphfn9vk7kfubeSd5QfTVJQ=="],

    "typescript": ["typescript@5.8.3", "", { "bin": { "tsc": "bin/tsc", "tsserver": "bin/tsserver" } }, "sha512-p1diW6TqL9L07nNxvRMM7hMMw4c5XOo/1ibL4aAIGmSAt9slTE1Xgw5KWuof2uTOvCg9BY7ZRi+GaF+7sfgPeQ=="],

    "undici-types": ["undici-types@7.8.0", "", {}, "sha512-9UJ2xGDvQ43tYyVMpuHlsgApydB8ZKfVYTsLDhXkFL/6gfkp+U8xTGdh8pMJv1SpZna0zxG1DwsKZsreLbXBxw=="],
  }
}
